
Microsoft Visual Studio Solution File, Format Version 11.00
# Visual C# Express 2010
Project("{FAE04EC0-301F-11D3-BF4B-00C04F79EFBC}") = "DetRiktigaSpelet", "DetRiktigaSpelet\DetRiktigaSpelet\DetRiktigaSpelet.csproj", "{8E53F981-53AA-4157-972C-5728BBF7766C}"
EndProject
Project("{96E2B04D-8817-42C6-938A-82C39BA4D311}") = "DetRiktigaSpeletContent", "DetRiktigaSpelet\DetRiktigaSpeletContent\DetRiktigaSpeletContent.contentproj", "{AC080E9F-F4E3-4B21-9D4F-E9CA26EF3E66}"
EndProject
Global
	GlobalSection(SolutionConfigurationPlatforms) = preSolution
		Debug|x86 = Debug|x86
		Release|x86 = Release|x86
	EndGlobalSection
	GlobalSection(ProjectConfigurationPlatforms) = postSolution
		{8E53F981-53AA-4157-972C-5728BBF7766C}.Debug|x86.ActiveCfg = Debug|x86
		{8E53F981-53AA-4157-972C-5728BBF7766C}.Debug|x86.Build.0 = Debug|x86
		{8E53F981-53AA-4157-972C-5728BBF7766C}.Release|x86.ActiveCfg = Release|x86
		{8E53F981-53AA-4157-972C-5728BBF7766C}.Release|x86.Build.0 = Release|x86
		{AC080E9F-F4E3-4B21-9D4F-E9CA26EF3E66}.Debug|x86.ActiveCfg = Debug|x86
		{AC080E9F-F4E3-4B21-9D4F-E9CA26EF3E66}.Release|x86.ActiveCfg = Release|x86
	EndGlobalSection
	GlobalSection(SolutionProperties) = preSolution
		HideSolutionNode = FALSE
	EndGlobalSection
EndGlobal
